
Microsoft Visual Studio Solution File, Format Version 12.00
# Visual Studio Version 16
VisualStudioVersion = 16.0.31205.134
MinimumVisualStudioVersion = 10.0.40219.1
Project("{2150E333-8FDC-42A3-9474-1A3956D46DE8}") = "01 - Testes de Unidade", "01 - Testes de Unidade", "{31B245C1-F008-4C48-AD33-B4462E856E89}"
EndProject
Project("{2150E333-8FDC-42A3-9474-1A3956D46DE8}") = "1.1 - Testes Basicos", "1.1 - Testes Basicos", "{AF3A6AB9-EA06-4D2D-B062-F57170EF1C5F}"
EndProject
Project("{9A19103F-16F7-4668-BE54-9A1E7A4F7556}") = "Demo", "01 - Teste de Unidade\Demo\Demo.csproj", "{5F52233E-BE36-424A-A994-679CC7452C0F}"
EndProject
Project("{9A19103F-16F7-4668-BE54-9A1E7A4F7556}") = "Demo.Tests", "01 - Teste de Unidade\Demo.Tests\Demo.Tests.csproj", "{BF2D0013-ADC9-43F1-A4B7-D39B599CC93B}"
EndProject
Project("{2150E333-8FDC-42A3-9474-1A3956D46DE8}") = "2.2 - Features", "2.2 - Features", "{901170B0-5DDA-4FE5-85B8-776E80DFB9B7}"
EndProject
Project("{FAE04EC0-301F-11D3-BF4B-00C04F79EFBC}") = "Features", "01 - Teste de Unidade\Features\Features.csproj", "{0667A9AD-A6D0-49E5-ACBC-3986B511BD3A}"
EndProject
Project("{FAE04EC0-301F-11D3-BF4B-00C04F79EFBC}") = "Features.Tests", "01 - Teste de Unidade\Features.Tests\Features.Tests.csproj", "{C0DDFCF7-B4F4-466C-A04C-001C1B9BDF7B}"
EndProject
Global
	GlobalSection(SolutionConfigurationPlatforms) = preSolution
		Debug|Any CPU = Debug|Any CPU
		Release|Any CPU = Release|Any CPU
	EndGlobalSection
	GlobalSection(ProjectConfigurationPlatforms) = postSolution
		{5F52233E-BE36-424A-A994-679CC7452C0F}.Debug|Any CPU.ActiveCfg = Debug|Any CPU
		{5F52233E-BE36-424A-A994-679CC7452C0F}.Debug|Any CPU.Build.0 = Debug|Any CPU
		{5F52233E-BE36-424A-A994-679CC7452C0F}.Release|Any CPU.ActiveCfg = Release|Any CPU
		{5F52233E-BE36-424A-A994-679CC7452C0F}.Release|Any CPU.Build.0 = Release|Any CPU
		{BF2D0013-ADC9-43F1-A4B7-D39B599CC93B}.Debug|Any CPU.ActiveCfg = Debug|Any CPU
		{BF2D0013-ADC9-43F1-A4B7-D39B599CC93B}.Debug|Any CPU.Build.0 = Debug|Any CPU
		{BF2D0013-ADC9-43F1-A4B7-D39B599CC93B}.Release|Any CPU.ActiveCfg = Release|Any CPU
		{BF2D0013-ADC9-43F1-A4B7-D39B599CC93B}.Release|Any CPU.Build.0 = Release|Any CPU
		{0667A9AD-A6D0-49E5-ACBC-3986B511BD3A}.Debug|Any CPU.ActiveCfg = Debug|Any CPU
		{0667A9AD-A6D0-49E5-ACBC-3986B511BD3A}.Debug|Any CPU.Build.0 = Debug|Any CPU
		{0667A9AD-A6D0-49E5-ACBC-3986B511BD3A}.Release|Any CPU.ActiveCfg = Release|Any CPU
		{0667A9AD-A6D0-49E5-ACBC-3986B511BD3A}.Release|Any CPU.Build.0 = Release|Any CPU
		{C0DDFCF7-B4F4-466C-A04C-001C1B9BDF7B}.Debug|Any CPU.ActiveCfg = Debug|Any CPU
		{C0DDFCF7-B4F4-466C-A04C-001C1B9BDF7B}.Debug|Any CPU.Build.0 = Debug|Any CPU
		{C0DDFCF7-B4F4-466C-A04C-001C1B9BDF7B}.Release|Any CPU.ActiveCfg = Release|Any CPU
		{C0DDFCF7-B4F4-466C-A04C-001C1B9BDF7B}.Release|Any CPU.Build.0 = Release|Any CPU
	EndGlobalSection
	GlobalSection(SolutionProperties) = preSolution
		HideSolutionNode = FALSE
	EndGlobalSection
	GlobalSection(NestedProjects) = preSolution
		{AF3A6AB9-EA06-4D2D-B062-F57170EF1C5F} = {31B245C1-F008-4C48-AD33-B4462E856E89}
		{5F52233E-BE36-424A-A994-679CC7452C0F} = {AF3A6AB9-EA06-4D2D-B062-F57170EF1C5F}
		{BF2D0013-ADC9-43F1-A4B7-D39B599CC93B} = {AF3A6AB9-EA06-4D2D-B062-F57170EF1C5F}
		{901170B0-5DDA-4FE5-85B8-776E80DFB9B7} = {31B245C1-F008-4C48-AD33-B4462E856E89}
		{0667A9AD-A6D0-49E5-ACBC-3986B511BD3A} = {901170B0-5DDA-4FE5-85B8-776E80DFB9B7}
		{C0DDFCF7-B4F4-466C-A04C-001C1B9BDF7B} = {901170B0-5DDA-4FE5-85B8-776E80DFB9B7}
	EndGlobalSection
	GlobalSection(ExtensibilityGlobals) = postSolution
		SolutionGuid = {60865C15-3D05-460E-9C4C-9C9E65F12E05}
	EndGlobalSection
EndGlobal
